// !$*UTF8*$!
{
	archiveVersion = 1;
	classes = {
	};
	objectVersion = 51;
	objects = {

/* Begin PBXBuildFile section */
		17F0E37E3C6DF8443F5EA10B /* Pods___cookiecutter_app_name__.framework in Frameworks */ = {isa = PBXBuildFile; fileRef = EF6057E24E1BDB5E3DB71F86 /* Pods___cookiecutter_app_name__.framework */; };
		199C8CB33C644908B1B04C4E /* Pods___cookiecutter_app_name__Tests.framework in Frameworks */ = {isa = PBXBuildFile; fileRef = E5C89E7DBFF766E141F4FCB6 /* Pods___cookiecutter_app_name__Tests.framework */; };
		22027BF1250F68EC00F43EAB /* APIKit.framework in Frameworks */ = {isa = PBXBuildFile; fileRef = 22027BED250F68EC00F43EAB /* APIKit.framework */; };
		22027BF3250F68EC00F43EAB /* Swinject.framework in Frameworks */ = {isa = PBXBuildFile; fileRef = 22027BEF250F68EC00F43EAB /* Swinject.framework */; };
		22027BF4250F68EC00F43EAB /* SwinjectStoryboard.framework in Frameworks */ = {isa = PBXBuildFile; fileRef = 22027BF0250F68EC00F43EAB /* SwinjectStoryboard.framework */; };
		220A2033254804E400999ADC /* search_repositories_success.json in Resources */ = {isa = PBXBuildFile; fileRef = 220A2032254804E400999ADC /* search_repositories_success.json */; };
		22101F7B250770BA0046FAF9 /* AppDelegate.swift in Sources */ = {isa = PBXBuildFile; fileRef = 22101F7A250770BA0046FAF9 /* AppDelegate.swift */; };
		22101F7D250770BA0046FAF9 /* SceneDelegate.swift in Sources */ = {isa = PBXBuildFile; fileRef = 22101F7C250770BA0046FAF9 /* SceneDelegate.swift */; };
		22101F7F250770BA0046FAF9 /* SampleViewController.swift in Sources */ = {isa = PBXBuildFile; fileRef = 22101F7E250770BA0046FAF9 /* SampleViewController.swift */; };
		22101F84250770BB0046FAF9 /* Assets.xcassets in Resources */ = {isa = PBXBuildFile; fileRef = 22101F83250770BB0046FAF9 /* Assets.xcassets */; };
		22101F87250770BB0046FAF9 /* LaunchScreen.storyboard in Resources */ = {isa = PBXBuildFile; fileRef = 22101F85250770BB0046FAF9 /* LaunchScreen.storyboard */; };
		22101F92250770BB0046FAF9 /* SampleRequestTests.swift in Sources */ = {isa = PBXBuildFile; fileRef = 22101F91250770BB0046FAF9 /* SampleRequestTests.swift */; };
		22324BDA2547F526009FBD07 /* APIKit.framework in Frameworks */ = {isa = PBXBuildFile; fileRef = 22027BED250F68EC00F43EAB /* APIKit.framework */; };
		2235C9E82534468900101010 /* KeyedDecodingContainerExtension.swift in Sources */ = {isa = PBXBuildFile; fileRef = 2235C9E72534468900101010 /* KeyedDecodingContainerExtension.swift */; };
		2235C9EC2534535000101010 /* SearchRepositoriesParameters.swift in Sources */ = {isa = PBXBuildFile; fileRef = 2235C9EB2534535000101010 /* SearchRepositoriesParameters.swift */; };
		2235C9F02534579100101010 /* SearchRepositryRequest.swift in Sources */ = {isa = PBXBuildFile; fileRef = 2235C9EF2534579100101010 /* SearchRepositryRequest.swift */; };
		2235C9F225345B9E00101010 /* CodableExtension.swift in Sources */ = {isa = PBXBuildFile; fileRef = 2235C9F125345B9E00101010 /* CodableExtension.swift */; };
		2235C9F7253490B000101010 /* ItemsResponse.swift in Sources */ = {isa = PBXBuildFile; fileRef = 2235C9F6253490B000101010 /* ItemsResponse.swift */; };
		225F95C12535859400253EA0 /* SampleCell.xib in Resources */ = {isa = PBXBuildFile; fileRef = 225F95BF2535859400253EA0 /* SampleCell.xib */; };
		225F95C22535859400253EA0 /* SampleCell.swift in Sources */ = {isa = PBXBuildFile; fileRef = 225F95C02535859400253EA0 /* SampleCell.swift */; };
		225F95C42535869600253EA0 /* Reusable.swift in Sources */ = {isa = PBXBuildFile; fileRef = 225F95C32535869500253EA0 /* Reusable.swift */; };
		225F95C625359F3700253EA0 /* AppResult.swift in Sources */ = {isa = PBXBuildFile; fileRef = 225F95C525359F3700253EA0 /* AppResult.swift */; };
		225F95CB2535A0CD00253EA0 /* Fetchable.swift in Sources */ = {isa = PBXBuildFile; fileRef = 225F95CA2535A0CD00253EA0 /* Fetchable.swift */; };
		22A8E4882533F18D00C6E81C /* DecodableDataParser.swift in Sources */ = {isa = PBXBuildFile; fileRef = 22A8E4872533F18D00C6E81C /* DecodableDataParser.swift */; };
		22A8E48A2533F4FF00C6E81C /* SessionError.swift in Sources */ = {isa = PBXBuildFile; fileRef = 22A8E4892533F4FF00C6E81C /* SessionError.swift */; };
		22A8E48E253401C200C6E81C /* RequestExtension.swift in Sources */ = {isa = PBXBuildFile; fileRef = 22A8E48D253401C200C6E81C /* RequestExtension.swift */; };
		22A8E4922534034100C6E81C /* User.swift in Sources */ = {isa = PBXBuildFile; fileRef = 22A8E48F2534034100C6E81C /* User.swift */; };
		22A8E4932534034100C6E81C /* AccessToken.swift in Sources */ = {isa = PBXBuildFile; fileRef = 22A8E4902534034100C6E81C /* AccessToken.swift */; };
		22A8E4942534034100C6E81C /* Repository.swift in Sources */ = {isa = PBXBuildFile; fileRef = 22A8E4912534034100C6E81C /* Repository.swift */; };
		22B79DE0250F646400A81950 /* AppAssembly.swift in Sources */ = {isa = PBXBuildFile; fileRef = 22B79DDF250F646400A81950 /* AppAssembly.swift */; };
		22BF9EF3251766960033BFA9 /* SampleAssembly.swift in Sources */ = {isa = PBXBuildFile; fileRef = 22BF9EF2251766960033BFA9 /* SampleAssembly.swift */; };
		22BF9EF6251766A10033BFA9 /* SampleGateway.swift in Sources */ = {isa = PBXBuildFile; fileRef = 22BF9EF4251766A10033BFA9 /* SampleGateway.swift */; };
		22BF9EF7251766A10033BFA9 /* SampleUseCase.swift in Sources */ = {isa = PBXBuildFile; fileRef = 22BF9EF5251766A10033BFA9 /* SampleUseCase.swift */; };
		22BF9EF9251766AA0033BFA9 /* SampleProtocols.swift in Sources */ = {isa = PBXBuildFile; fileRef = 22BF9EF8251766AA0033BFA9 /* SampleProtocols.swift */; };
		22BF9EFB251766C10033BFA9 /* SamplePresenter.swift in Sources */ = {isa = PBXBuildFile; fileRef = 22BF9EFA251766C10033BFA9 /* SamplePresenter.swift */; };
		22BF9F002518D0490033BFA9 /* Sample.storyboard in Resources */ = {isa = PBXBuildFile; fileRef = 22BF9EFF2518D0480033BFA9 /* Sample.storyboard */; };
		22DE192C2547FB9B00E9A6C8 /* OHHTTPStubs.framework in Frameworks */ = {isa = PBXBuildFile; fileRef = 22DE192B2547FB9B00E9A6C8 /* OHHTTPStubs.framework */; };
/* End PBXBuildFile section */

/* Begin PBXContainerItemProxy section */
		22101F8E250770BB0046FAF9 /* PBXContainerItemProxy */ = {
			isa = PBXContainerItemProxy;
			containerPortal = 22101F6F250770BA0046FAF9 /* Project object */;
			proxyType = 1;
			remoteGlobalIDString = 22101F76250770BA0046FAF9;
			remoteInfo = "{{cookiecutter.app_name}}";
		};
/* End PBXContainerItemProxy section */

/* Begin PBXFileReference section */
		22027BED250F68EC00F43EAB /* APIKit.framework */ = {isa = PBXFileReference; lastKnownFileType = wrapper.framework; name = APIKit.framework; path = Carthage/Build/iOS/APIKit.framework; sourceTree = "<group>"; };
		22027BEE250F68EC00F43EAB /* Result.framework */ = {isa = PBXFileReference; lastKnownFileType = wrapper.framework; name = Result.framework; path = Carthage/Build/iOS/Result.framework; sourceTree = "<group>"; };
		22027BEF250F68EC00F43EAB /* Swinject.framework */ = {isa = PBXFileReference; lastKnownFileType = wrapper.framework; name = Swinject.framework; path = Carthage/Build/iOS/Swinject.framework; sourceTree = "<group>"; };
		22027BF0250F68EC00F43EAB /* SwinjectStoryboard.framework */ = {isa = PBXFileReference; lastKnownFileType = wrapper.framework; name = SwinjectStoryboard.framework; path = Carthage/Build/iOS/SwinjectStoryboard.framework; sourceTree = "<group>"; };
		220A2032254804E400999ADC /* search_repositories_success.json */ = {isa = PBXFileReference; fileEncoding = 4; lastKnownFileType = text.json; path = search_repositories_success.json; sourceTree = "<group>"; };
		22101F77250770BA0046FAF9 /* {{cookiecutter.app_name}}.app */ = {isa = PBXFileReference; explicitFileType = wrapper.application; includeInIndex = 0; path = "{{cookiecutter.app_name}}.app"; sourceTree = BUILT_PRODUCTS_DIR; };
		22101F7A250770BA0046FAF9 /* AppDelegate.swift */ = {isa = PBXFileReference; lastKnownFileType = sourcecode.swift; path = AppDelegate.swift; sourceTree = "<group>"; };
		22101F7C250770BA0046FAF9 /* SceneDelegate.swift */ = {isa = PBXFileReference; lastKnownFileType = sourcecode.swift; path = SceneDelegate.swift; sourceTree = "<group>"; };
		22101F7E250770BA0046FAF9 /* SampleViewController.swift */ = {isa = PBXFileReference; lastKnownFileType = sourcecode.swift; path = SampleViewController.swift; sourceTree = "<group>"; };
		22101F83250770BB0046FAF9 /* Assets.xcassets */ = {isa = PBXFileReference; lastKnownFileType = folder.assetcatalog; path = Assets.xcassets; sourceTree = "<group>"; };
		22101F86250770BB0046FAF9 /* Base */ = {isa = PBXFileReference; lastKnownFileType = file.storyboard; name = Base; path = Base.lproj/LaunchScreen.storyboard; sourceTree = "<group>"; };
		22101F88250770BB0046FAF9 /* Info.plist */ = {isa = PBXFileReference; lastKnownFileType = text.plist.xml; path = Info.plist; sourceTree = "<group>"; };
		22101F8D250770BB0046FAF9 /* {{cookiecutter.app_name}}Tests.xctest */ = {isa = PBXFileReference; explicitFileType = wrapper.cfbundle; includeInIndex = 0; path = "{{cookiecutter.app_name}}Tests.xctest"; sourceTree = BUILT_PRODUCTS_DIR; };
		22101F91250770BB0046FAF9 /* SampleRequestTests.swift */ = {isa = PBXFileReference; lastKnownFileType = sourcecode.swift; path = SampleRequestTests.swift; sourceTree = "<group>"; };
		22101F93250770BB0046FAF9 /* Info.plist */ = {isa = PBXFileReference; lastKnownFileType = text.plist.xml; path = Info.plist; sourceTree = "<group>"; };
		22240BAE2507897300BCF476 /* Config.Debug.xcconfig */ = {isa = PBXFileReference; lastKnownFileType = text.xcconfig; path = Config.Debug.xcconfig; sourceTree = "<group>"; };
		22240BAF2507898100BCF476 /* Config.Adhoc.xcconfig */ = {isa = PBXFileReference; lastKnownFileType = text.xcconfig; path = Config.Adhoc.xcconfig; sourceTree = "<group>"; };
		22240BB02507898F00BCF476 /* Config.Release.xcconfig */ = {isa = PBXFileReference; lastKnownFileType = text.xcconfig; path = Config.Release.xcconfig; sourceTree = "<group>"; };
		2235C9E72534468900101010 /* KeyedDecodingContainerExtension.swift */ = {isa = PBXFileReference; fileEncoding = 4; lastKnownFileType = sourcecode.swift; path = KeyedDecodingContainerExtension.swift; sourceTree = "<group>"; };
		2235C9EB2534535000101010 /* SearchRepositoriesParameters.swift */ = {isa = PBXFileReference; lastKnownFileType = sourcecode.swift; path = SearchRepositoriesParameters.swift; sourceTree = "<group>"; };
		2235C9EF2534579100101010 /* SearchRepositryRequest.swift */ = {isa = PBXFileReference; lastKnownFileType = sourcecode.swift; path = SearchRepositryRequest.swift; sourceTree = "<group>"; };
		2235C9F125345B9E00101010 /* CodableExtension.swift */ = {isa = PBXFileReference; lastKnownFileType = sourcecode.swift; path = CodableExtension.swift; sourceTree = "<group>"; };
		2235C9F6253490B000101010 /* ItemsResponse.swift */ = {isa = PBXFileReference; fileEncoding = 4; lastKnownFileType = sourcecode.swift; path = ItemsResponse.swift; sourceTree = "<group>"; };
		225F95BF2535859400253EA0 /* SampleCell.xib */ = {isa = PBXFileReference; fileEncoding = 4; lastKnownFileType = file.xib; path = SampleCell.xib; sourceTree = "<group>"; };
		225F95C02535859400253EA0 /* SampleCell.swift */ = {isa = PBXFileReference; fileEncoding = 4; lastKnownFileType = sourcecode.swift; path = SampleCell.swift; sourceTree = "<group>"; };
		225F95C32535869500253EA0 /* Reusable.swift */ = {isa = PBXFileReference; lastKnownFileType = sourcecode.swift; path = Reusable.swift; sourceTree = "<group>"; };
		225F95C525359F3700253EA0 /* AppResult.swift */ = {isa = PBXFileReference; fileEncoding = 4; lastKnownFileType = sourcecode.swift; path = AppResult.swift; sourceTree = "<group>"; };
		225F95CA2535A0CD00253EA0 /* Fetchable.swift */ = {isa = PBXFileReference; lastKnownFileType = sourcecode.swift; path = Fetchable.swift; sourceTree = "<group>"; };
		22A8E4872533F18D00C6E81C /* DecodableDataParser.swift */ = {isa = PBXFileReference; fileEncoding = 4; lastKnownFileType = sourcecode.swift; path = DecodableDataParser.swift; sourceTree = "<group>"; };
		22A8E4892533F4FF00C6E81C /* SessionError.swift */ = {isa = PBXFileReference; lastKnownFileType = sourcecode.swift; path = SessionError.swift; sourceTree = "<group>"; };
		22A8E48D253401C200C6E81C /* RequestExtension.swift */ = {isa = PBXFileReference; lastKnownFileType = sourcecode.swift; path = RequestExtension.swift; sourceTree = "<group>"; };
		22A8E48F2534034100C6E81C /* User.swift */ = {isa = PBXFileReference; fileEncoding = 4; lastKnownFileType = sourcecode.swift; path = User.swift; sourceTree = "<group>"; };
		22A8E4902534034100C6E81C /* AccessToken.swift */ = {isa = PBXFileReference; fileEncoding = 4; lastKnownFileType = sourcecode.swift; path = AccessToken.swift; sourceTree = "<group>"; };
		22A8E4912534034100C6E81C /* Repository.swift */ = {isa = PBXFileReference; fileEncoding = 4; lastKnownFileType = sourcecode.swift; path = Repository.swift; sourceTree = "<group>"; };
		22B79DDF250F646400A81950 /* AppAssembly.swift */ = {isa = PBXFileReference; lastKnownFileType = sourcecode.swift; path = AppAssembly.swift; sourceTree = "<group>"; };
		22BF9EF2251766960033BFA9 /* SampleAssembly.swift */ = {isa = PBXFileReference; fileEncoding = 4; lastKnownFileType = sourcecode.swift; path = SampleAssembly.swift; sourceTree = "<group>"; };
		22BF9EF4251766A10033BFA9 /* SampleGateway.swift */ = {isa = PBXFileReference; fileEncoding = 4; lastKnownFileType = sourcecode.swift; path = SampleGateway.swift; sourceTree = "<group>"; };
		22BF9EF5251766A10033BFA9 /* SampleUseCase.swift */ = {isa = PBXFileReference; fileEncoding = 4; lastKnownFileType = sourcecode.swift; path = SampleUseCase.swift; sourceTree = "<group>"; };
		22BF9EF8251766AA0033BFA9 /* SampleProtocols.swift */ = {isa = PBXFileReference; lastKnownFileType = sourcecode.swift; path = SampleProtocols.swift; sourceTree = "<group>"; };
		22BF9EFA251766C10033BFA9 /* SamplePresenter.swift */ = {isa = PBXFileReference; lastKnownFileType = sourcecode.swift; path = SamplePresenter.swift; sourceTree = "<group>"; };
		22BF9EFF2518D0480033BFA9 /* Sample.storyboard */ = {isa = PBXFileReference; lastKnownFileType = file.storyboard; path = Sample.storyboard; sourceTree = "<group>"; };
		22DE192B2547FB9B00E9A6C8 /* OHHTTPStubs.framework */ = {isa = PBXFileReference; lastKnownFileType = wrapper.framework; name = OHHTTPStubs.framework; path = Carthage/Build/iOS/OHHTTPStubs.framework; sourceTree = "<group>"; };
		8B43113EBD5C626CC8ED4A3A /* Pods-{{cookiecutter.app_name}}Tests.debug.xcconfig */ = {isa = PBXFileReference; includeInIndex = 1; lastKnownFileType = text.xcconfig; name = "Pods-{{cookiecutter.app_name}}Tests.debug.xcconfig"; path = "Target Support Files/Pods-{{cookiecutter.app_name}}Tests/Pods-{{cookiecutter.app_name}}Tests.debug.xcconfig"; sourceTree = "<group>"; };
		ACBFF29B8F230525F81B8245 /* Pods-{{cookiecutter.app_name}}Tests.adhoc.xcconfig */ = {isa = PBXFileReference; includeInIndex = 1; lastKnownFileType = text.xcconfig; name = "Pods-{{cookiecutter.app_name}}Tests.adhoc.xcconfig"; path = "Target Support Files/Pods-{{cookiecutter.app_name}}Tests/Pods-{{cookiecutter.app_name}}Tests.adhoc.xcconfig"; sourceTree = "<group>"; };
		C3E93B6BB56D7E6283A0B967 /* Pods-{{cookiecutter.app_name}}.debug.xcconfig */ = {isa = PBXFileReference; includeInIndex = 1; lastKnownFileType = text.xcconfig; name = "Pods-{{cookiecutter.app_name}}.debug.xcconfig"; path = "Target Support Files/Pods-{{cookiecutter.app_name}}/Pods-{{cookiecutter.app_name}}.debug.xcconfig"; sourceTree = "<group>"; };
		E0D1EDD07F2BE29C4BB42DEF /* Pods-{{cookiecutter.app_name}}.adhoc.xcconfig */ = {isa = PBXFileReference; includeInIndex = 1; lastKnownFileType = text.xcconfig; name = "Pods-{{cookiecutter.app_name}}.adhoc.xcconfig"; path = "Target Support Files/Pods-{{cookiecutter.app_name}}/Pods-{{cookiecutter.app_name}}.adhoc.xcconfig"; sourceTree = "<group>"; };
		E5C89E7DBFF766E141F4FCB6 /* Pods___cookiecutter_app_name__Tests.framework */ = {isa = PBXFileReference; explicitFileType = wrapper.framework; includeInIndex = 0; path = "Pods___cookiecutter_app_name__Tests.framework"; sourceTree = BUILT_PRODUCTS_DIR; };
		ED14059F9C8E1C9767A01FF7 /* Pods-{{cookiecutter.app_name}}Tests.release.xcconfig */ = {isa = PBXFileReference; includeInIndex = 1; lastKnownFileType = text.xcconfig; name = "Pods-{{cookiecutter.app_name}}Tests.release.xcconfig"; path = "Target Support Files/Pods-{{cookiecutter.app_name}}Tests/Pods-{{cookiecutter.app_name}}Tests.release.xcconfig"; sourceTree = "<group>"; };
		EF6057E24E1BDB5E3DB71F86 /* Pods___cookiecutter_app_name__.framework */ = {isa = PBXFileReference; explicitFileType = wrapper.framework; includeInIndex = 0; path = "Pods___cookiecutter_app_name__.framework"; sourceTree = BUILT_PRODUCTS_DIR; };
		F1BF74AE1C01105B5D448D16 /* Pods-{{cookiecutter.app_name}}.release.xcconfig */ = {isa = PBXFileReference; includeInIndex = 1; lastKnownFileType = text.xcconfig; name = "Pods-{{cookiecutter.app_name}}.release.xcconfig"; path = "Target Support Files/Pods-{{cookiecutter.app_name}}/Pods-{{cookiecutter.app_name}}.release.xcconfig"; sourceTree = "<group>"; };
/* End PBXFileReference section */

/* Begin PBXFrameworksBuildPhase section */
		22101F74250770BA0046FAF9 /* Frameworks */ = {
			isa = PBXFrameworksBuildPhase;
			buildActionMask = 2147483647;
			files = (
				22027BF1250F68EC00F43EAB /* APIKit.framework in Frameworks */,
				22027BF3250F68EC00F43EAB /* Swinject.framework in Frameworks */,
				22027BF4250F68EC00F43EAB /* SwinjectStoryboard.framework in Frameworks */,
				17F0E37E3C6DF8443F5EA10B /* Pods___cookiecutter_app_name__.framework in Frameworks */,
			);
			runOnlyForDeploymentPostprocessing = 0;
		};
		22101F8A250770BB0046FAF9 /* Frameworks */ = {
			isa = PBXFrameworksBuildPhase;
			buildActionMask = 2147483647;
			files = (
				22DE192C2547FB9B00E9A6C8 /* OHHTTPStubs.framework in Frameworks */,
				22324BDA2547F526009FBD07 /* APIKit.framework in Frameworks */,
				199C8CB33C644908B1B04C4E /* Pods___cookiecutter_app_name__Tests.framework in Frameworks */,
			);
			runOnlyForDeploymentPostprocessing = 0;
		};
/* End PBXFrameworksBuildPhase section */

/* Begin PBXGroup section */
		22101F6E250770BA0046FAF9 = {
			isa = PBXGroup;
			children = (
				22101F79250770BA0046FAF9 /* {{cookiecutter.app_name}} */,
				22101F90250770BB0046FAF9 /* {{cookiecutter.app_name}}Tests */,
				22101F78250770BA0046FAF9 /* Products */,
				2D27886369F72B0C9E864622 /* Pods */,
				2B3A537FE2E367000124EBD8 /* Frameworks */,
			);
			sourceTree = "<group>";
		};
		22101F78250770BA0046FAF9 /* Products */ = {
			isa = PBXGroup;
			children = (
				22101F77250770BA0046FAF9 /* {{cookiecutter.app_name}}.app */,
				22101F8D250770BB0046FAF9 /* {{cookiecutter.app_name}}Tests.xctest */,
			);
			name = Products;
			sourceTree = "<group>";
		};
		22101F79250770BA0046FAF9 /* {{cookiecutter.app_name}} */ = {
			isa = PBXGroup;
			children = (
				22B79DDE250F643700A81950 /* AppMain */,
				22BF9F012518D5AE0033BFA9 /* Data */,
				22B79DDD250F642900A81950 /* DI */,
				22B79DE1250F648400A81950 /* Helpers */,
				22A8E4822533EF2F00C6E81C /* Network */,
				22B79DE3250F64A500A81950 /* Scenes */,
				22101F83250770BB0046FAF9 /* Assets.xcassets */,
				22101F85250770BB0046FAF9 /* LaunchScreen.storyboard */,
				22101F88250770BB0046FAF9 /* Info.plist */,
				22240BAD2507895100BCF476 /* Supporting Files */,
			);
			path = "{{cookiecutter.app_name}}";
			sourceTree = "<group>";
		};
		22101F90250770BB0046FAF9 /* {{cookiecutter.app_name}}Tests */ = {
			isa = PBXGroup;
			children = (
				220A2032254804E400999ADC /* search_repositories_success.json */,
				22101F91250770BB0046FAF9 /* SampleRequestTests.swift */,
				22101F93250770BB0046FAF9 /* Info.plist */,
			);
			path = "{{cookiecutter.app_name}}Tests";
			sourceTree = "<group>";
		};
		22240BAD2507895100BCF476 /* Supporting Files */ = {
			isa = PBXGroup;
			children = (
				22240BAE2507897300BCF476 /* Config.Debug.xcconfig */,
				22240BAF2507898100BCF476 /* Config.Adhoc.xcconfig */,
				22240BB02507898F00BCF476 /* Config.Release.xcconfig */,
			);
			path = "Supporting Files";
			sourceTree = "<group>";
		};
		2235C9E9253452FA00101010 /* WebAPI */ = {
			isa = PBXGroup;
			children = (
				2235C9EF2534579100101010 /* SearchRepositryRequest.swift */,
			);
			path = WebAPI;
			sourceTree = "<group>";
		};
		2235C9EA2534530200101010 /* Params */ = {
			isa = PBXGroup;
			children = (
				2235C9EB2534535000101010 /* SearchRepositoriesParameters.swift */,
			);
			path = Params;
			sourceTree = "<group>";
		};
		2235C9F52534907700101010 /* Response */ = {
			isa = PBXGroup;
			children = (
				2235C9F6253490B000101010 /* ItemsResponse.swift */,
			);
			path = Response;
			sourceTree = "<group>";
		};
		225F95C72535A05A00253EA0 /* Network */ = {
			isa = PBXGroup;
			children = (
				225F95C525359F3700253EA0 /* AppResult.swift */,
				225F95CA2535A0CD00253EA0 /* Fetchable.swift */,
				2235C9E72534468900101010 /* KeyedDecodingContainerExtension.swift */,
			);
			path = Network;
			sourceTree = "<group>";
		};
		225F95C82535A06600253EA0 /* Cell */ = {
			isa = PBXGroup;
			children = (
				225F95C32535869500253EA0 /* Reusable.swift */,
			);
			path = Cell;
			sourceTree = "<group>";
		};
		225F95C92535A08100253EA0 /* Codable */ = {
			isa = PBXGroup;
			children = (
				2235C9F125345B9E00101010 /* CodableExtension.swift */,
			);
			path = Codable;
			sourceTree = "<group>";
		};
		22A8E4822533EF2F00C6E81C /* Network */ = {
			isa = PBXGroup;
			children = (
				22A8E4872533F18D00C6E81C /* DecodableDataParser.swift */,
				22A8E48D253401C200C6E81C /* RequestExtension.swift */,
				22A8E4892533F4FF00C6E81C /* SessionError.swift */,
			);
			path = Network;
			sourceTree = "<group>";
		};
		22B79DDD250F642900A81950 /* DI */ = {
			isa = PBXGroup;
			children = (
				22B79DDF250F646400A81950 /* AppAssembly.swift */,
			);
			path = DI;
			sourceTree = "<group>";
		};
		22B79DDE250F643700A81950 /* AppMain */ = {
			isa = PBXGroup;
			children = (
				22101F7A250770BA0046FAF9 /* AppDelegate.swift */,
				22101F7C250770BA0046FAF9 /* SceneDelegate.swift */,
			);
			path = AppMain;
			sourceTree = "<group>";
		};
		22B79DE1250F648400A81950 /* Helpers */ = {
			isa = PBXGroup;
			children = (
				225F95C82535A06600253EA0 /* Cell */,
				225F95C92535A08100253EA0 /* Codable */,
				225F95C72535A05A00253EA0 /* Network */,
			);
			path = Helpers;
			sourceTree = "<group>";
		};
		22B79DE3250F64A500A81950 /* Scenes */ = {
			isa = PBXGroup;
			children = (
				22B79DE4250F64BB00A81950 /* Sample */,
			);
			path = Scenes;
			sourceTree = "<group>";
		};
		22B79DE4250F64BB00A81950 /* Sample */ = {
			isa = PBXGroup;
			children = (
				22BF9EF8251766AA0033BFA9 /* SampleProtocols.swift */,
				22B79DE5250F64CC00A81950 /* Configurator */,
				22B79DE6250F64DC00A81950 /* Domain */,
				22B79DE7250F64E800A81950 /* Presentation */,
			);
			path = Sample;
			sourceTree = "<group>";
		};
		22B79DE5250F64CC00A81950 /* Configurator */ = {
			isa = PBXGroup;
			children = (
				22BF9EF2251766960033BFA9 /* SampleAssembly.swift */,
			);
			path = Configurator;
			sourceTree = "<group>";
		};
		22B79DE6250F64DC00A81950 /* Domain */ = {
			isa = PBXGroup;
			children = (
				22BF9EF4251766A10033BFA9 /* SampleGateway.swift */,
				22BF9EF5251766A10033BFA9 /* SampleUseCase.swift */,
			);
			path = Domain;
			sourceTree = "<group>";
		};
		22B79DE7250F64E800A81950 /* Presentation */ = {
			isa = PBXGroup;
			children = (
				22BF9EFF2518D0480033BFA9 /* Sample.storyboard */,
				22BF9EFA251766C10033BFA9 /* SamplePresenter.swift */,
				22101F7E250770BA0046FAF9 /* SampleViewController.swift */,
				225F95C02535859400253EA0 /* SampleCell.swift */,
				225F95BF2535859400253EA0 /* SampleCell.xib */,
			);
			path = Presentation;
			sourceTree = "<group>";
		};
		22BF9F012518D5AE0033BFA9 /* Data */ = {
			isa = PBXGroup;
			children = (
				22BF9F032518D5CD0033BFA9 /* Entity */,
				22BF9F022518D5C30033BFA9 /* Request */,
				2235C9F52534907700101010 /* Response */,
			);
			path = Data;
			sourceTree = "<group>";
		};
		22BF9F022518D5C30033BFA9 /* Request */ = {
			isa = PBXGroup;
			children = (
				2235C9E9253452FA00101010 /* WebAPI */,
				2235C9EA2534530200101010 /* Params */,
			);
			path = Request;
			sourceTree = "<group>";
		};
		22BF9F032518D5CD0033BFA9 /* Entity */ = {
			isa = PBXGroup;
			children = (
				22A8E4902534034100C6E81C /* AccessToken.swift */,
				22A8E4912534034100C6E81C /* Repository.swift */,
				22A8E48F2534034100C6E81C /* User.swift */,
			);
			path = Entity;
			sourceTree = "<group>";
		};
		2B3A537FE2E367000124EBD8 /* Frameworks */ = {
			isa = PBXGroup;
			children = (
				22DE192B2547FB9B00E9A6C8 /* OHHTTPStubs.framework */,
				22027BED250F68EC00F43EAB /* APIKit.framework */,
				22027BEE250F68EC00F43EAB /* Result.framework */,
				22027BEF250F68EC00F43EAB /* Swinject.framework */,
				22027BF0250F68EC00F43EAB /* SwinjectStoryboard.framework */,
				EF6057E24E1BDB5E3DB71F86 /* Pods___cookiecutter_app_name__.framework */,
				E5C89E7DBFF766E141F4FCB6 /* Pods___cookiecutter_app_name__Tests.framework */,
			);
			name = Frameworks;
			sourceTree = "<group>";
		};
		2D27886369F72B0C9E864622 /* Pods */ = {
			isa = PBXGroup;
			children = (
				C3E93B6BB56D7E6283A0B967 /* Pods-{{cookiecutter.app_name}}.debug.xcconfig */,
				E0D1EDD07F2BE29C4BB42DEF /* Pods-{{cookiecutter.app_name}}.adhoc.xcconfig */,
				F1BF74AE1C01105B5D448D16 /* Pods-{{cookiecutter.app_name}}.release.xcconfig */,
				8B43113EBD5C626CC8ED4A3A /* Pods-{{cookiecutter.app_name}}Tests.debug.xcconfig */,
				ACBFF29B8F230525F81B8245 /* Pods-{{cookiecutter.app_name}}Tests.adhoc.xcconfig */,
				ED14059F9C8E1C9767A01FF7 /* Pods-{{cookiecutter.app_name}}Tests.release.xcconfig */,
			);
			path = Pods;
			sourceTree = "<group>";
		};
/* End PBXGroup section */

/* Begin PBXNativeTarget section */
		22101F76250770BA0046FAF9 /* {{cookiecutter.app_name}} */ = {
			isa = PBXNativeTarget;
			buildConfigurationList = 22101F96250770BB0046FAF9 /* Build configuration list for PBXNativeTarget "{{cookiecutter.app_name}}" */;
			buildPhases = (
				47429D2DDEE729400CDA8751 /* [CP] Check Pods Manifest.lock */,
				22101F73250770BA0046FAF9 /* Sources */,
				22101F74250770BA0046FAF9 /* Frameworks */,
				22101F75250770BA0046FAF9 /* Resources */,
				22B79DD8250F51E900A81950 /* Carthage */,
				22B79DDB250F529200A81950 /* Crashlytics */,
				22B79DD9250F523600A81950 /* SwiftLint */,
				22B79DDA250F525900A81950 /* Swiftformat */,
				3B8236A77C16AFD0D2FB5C03 /* [CP] Embed Pods Frameworks */,
			);
			buildRules = (
			);
			dependencies = (
			);
			name = "{{cookiecutter.app_name}}";
			productName = "{{cookiecutter.app_name}}";
			productReference = 22101F77250770BA0046FAF9 /* {{cookiecutter.app_name}}.app */;
			productType = "com.apple.product-type.application";
		};
		22101F8C250770BB0046FAF9 /* {{cookiecutter.app_name}}Tests */ = {
			isa = PBXNativeTarget;
			buildConfigurationList = 22101F99250770BB0046FAF9 /* Build configuration list for PBXNativeTarget "{{cookiecutter.app_name}}Tests" */;
			buildPhases = (
				B3BE34DF4F527FF76B905325 /* [CP] Check Pods Manifest.lock */,
				22101F89250770BB0046FAF9 /* Sources */,
				22101F8A250770BB0046FAF9 /* Frameworks */,
				22101F8B250770BB0046FAF9 /* Resources */,
				22324BD92547F46E009FBD07 /* Carthage */,
			);
			buildRules = (
			);
			dependencies = (
				22101F8F250770BB0046FAF9 /* PBXTargetDependency */,
			);
			name = "{{cookiecutter.app_name}}Tests";
			productName = "{{cookiecutter.app_name}}Tests";
			productReference = 22101F8D250770BB0046FAF9 /* {{cookiecutter.app_name}}Tests.xctest */;
			productType = "com.apple.product-type.bundle.unit-test";
		};
/* End PBXNativeTarget section */

/* Begin PBXProject section */
		22101F6F250770BA0046FAF9 /* Project object */ = {
			isa = PBXProject;
			attributes = {
				LastSwiftUpdateCheck = 1130;
				LastUpgradeCheck = 1130;
				ORGANIZATIONNAME = "{{cookiecutter.company_name}}";
				TargetAttributes = {
					22101F76250770BA0046FAF9 = {
						CreatedOnToolsVersion = 11.3.1;
					};
					22101F8C250770BB0046FAF9 = {
						CreatedOnToolsVersion = 11.3.1;
						TestTargetID = 22101F76250770BA0046FAF9;
					};
				};
			};
			buildConfigurationList = 22101F72250770BA0046FAF9 /* Build configuration list for PBXProject "{{cookiecutter.app_name}}" */;
			compatibilityVersion = "Xcode 9.3";
			developmentRegion = en;
			hasScannedForEncodings = 0;
			knownRegions = (
				en,
				Base,
			);
			mainGroup = 22101F6E250770BA0046FAF9;
			productRefGroup = 22101F78250770BA0046FAF9 /* Products */;
			projectDirPath = "";
			projectRoot = "";
			targets = (
				22101F76250770BA0046FAF9 /* {{cookiecutter.app_name}} */,
				22101F8C250770BB0046FAF9 /* {{cookiecutter.app_name}}Tests */,
			);
		};
/* End PBXProject section */

/* Begin PBXResourcesBuildPhase section */
		22101F75250770BA0046FAF9 /* Resources */ = {
			isa = PBXResourcesBuildPhase;
			buildActionMask = 2147483647;
			files = (
				22101F87250770BB0046FAF9 /* LaunchScreen.storyboard in Resources */,
				22101F84250770BB0046FAF9 /* Assets.xcassets in Resources */,
				22BF9F002518D0490033BFA9 /* Sample.storyboard in Resources */,
				225F95C12535859400253EA0 /* SampleCell.xib in Resources */,
			);
			runOnlyForDeploymentPostprocessing = 0;
		};
		22101F8B250770BB0046FAF9 /* Resources */ = {
			isa = PBXResourcesBuildPhase;
			buildActionMask = 2147483647;
			files = (
				220A2033254804E400999ADC /* search_repositories_success.json in Resources */,
			);
			runOnlyForDeploymentPostprocessing = 0;
		};
/* End PBXResourcesBuildPhase section */

/* Begin PBXShellScriptBuildPhase section */
		22324BD92547F46E009FBD07 /* Carthage */ = {
			isa = PBXShellScriptBuildPhase;
			buildActionMask = 2147483647;
			files = (
			);
			inputFileListPaths = (
			);
			inputPaths = (
				"$(SRCROOT)/Carthage/Build/iOS/APIKit.framework",
				"$(SRCROOT)/Carthage/Build/iOS/OHHTTPStubs.framework",
			);
			name = Carthage;
			outputFileListPaths = (
			);
			outputPaths = (
			);
			runOnlyForDeploymentPostprocessing = 0;
			shellPath = /bin/sh;
			shellScript = "/usr/local/bin/carthage copy-frameworks\n";
		};
		22B79DD8250F51E900A81950 /* Carthage */ = {
			isa = PBXShellScriptBuildPhase;
			buildActionMask = 2147483647;
			files = (
			);
			inputFileListPaths = (
			);
			inputPaths = (
				"$(SRCROOT)/Carthage/Build/iOS/APIKit.framework",
				"$(SRCROOT)/Carthage/Build/iOS/Swinject.framework",
				"$(SRCROOT)/Carthage/Build/iOS/SwinjectStoryboard.framework",
			);
			name = Carthage;
			outputFileListPaths = (
			);
			outputPaths = (
			);
			runOnlyForDeploymentPostprocessing = 0;
			shellPath = /bin/sh;
			shellScript = "/usr/local/bin/carthage copy-frameworks\n";
		};
		22B79DD9250F523600A81950 /* SwiftLint */ = {
			isa = PBXShellScriptBuildPhase;
			buildActionMask = 2147483647;
			files = (
			);
			inputFileListPaths = (
			);
			inputPaths = (
			);
			name = SwiftLint;
			outputFileListPaths = (
			);
			outputPaths = (
			);
			runOnlyForDeploymentPostprocessing = 0;
			shellPath = /bin/sh;
			shellScript = "\"${PODS_ROOT}/SwiftLint/swiftlint\"\n";
		};
		22B79DDA250F525900A81950 /* Swiftformat */ = {
			isa = PBXShellScriptBuildPhase;
			buildActionMask = 2147483647;
			files = (
			);
			inputFileListPaths = (
			);
			inputPaths = (
			);
			name = Swiftformat;
			outputFileListPaths = (
			);
			outputPaths = (
			);
			runOnlyForDeploymentPostprocessing = 0;
			shellPath = /bin/sh;
			shellScript = "# Default OFF\n\n#\"${PODS_ROOT}/SwiftFormat/CommandLineTool/swiftformat\" . --exclude Carthage,Pods, {{cookiecutter.app_name}}Tests --trimwhitespace nonblank-lines --stripunusedargs closure-only --disable strongOutlets,trailingCommas,redundantSelf\n";
		};
		22B79DDB250F529200A81950 /* Crashlytics */ = {
			isa = PBXShellScriptBuildPhase;
			buildActionMask = 2147483647;
			files = (
			);
			inputFileListPaths = (
			);
			inputPaths = (
			);
			name = Crashlytics;
			outputFileListPaths = (
			);
			outputPaths = (
			);
			runOnlyForDeploymentPostprocessing = 0;
			shellPath = /bin/sh;
			shellScript = "# Get the GoogleService-Info.plist from the Firebase console and add it to your project\n\n#\"${PODS_ROOT}/FirebaseCrashlytics/run\"\n";
		};
		3B8236A77C16AFD0D2FB5C03 /* [CP] Embed Pods Frameworks */ = {
			isa = PBXShellScriptBuildPhase;
			buildActionMask = 2147483647;
			files = (
			);
			inputFileListPaths = (
				"${PODS_ROOT}/Target Support Files/Pods-{{cookiecutter.app_name}}/Pods-{{cookiecutter.app_name}}-frameworks-${CONFIGURATION}-input-files.xcfilelist",
			);
			name = "[CP] Embed Pods Frameworks";
			outputFileListPaths = (
				"${PODS_ROOT}/Target Support Files/Pods-{{cookiecutter.app_name}}/Pods-{{cookiecutter.app_name}}-frameworks-${CONFIGURATION}-output-files.xcfilelist",
			);
			runOnlyForDeploymentPostprocessing = 0;
			shellPath = /bin/sh;
			shellScript = "\"${PODS_ROOT}/Target Support Files/Pods-{{cookiecutter.app_name}}/Pods-{{cookiecutter.app_name}}-frameworks.sh\"\n";
			showEnvVarsInLog = 0;
		};
		47429D2DDEE729400CDA8751 /* [CP] Check Pods Manifest.lock */ = {
			isa = PBXShellScriptBuildPhase;
			buildActionMask = 2147483647;
			files = (
			);
			inputFileListPaths = (
			);
			inputPaths = (
				"${PODS_PODFILE_DIR_PATH}/Podfile.lock",
				"${PODS_ROOT}/Manifest.lock",
			);
			name = "[CP] Check Pods Manifest.lock";
			outputFileListPaths = (
			);
			outputPaths = (
				"$(DERIVED_FILE_DIR)/Pods-{{cookiecutter.app_name}}-checkManifestLockResult.txt",
			);
			runOnlyForDeploymentPostprocessing = 0;
			shellPath = /bin/sh;
			shellScript = "diff \"${PODS_PODFILE_DIR_PATH}/Podfile.lock\" \"${PODS_ROOT}/Manifest.lock\" > /dev/null\nif [ $? != 0 ] ; then\n    # print error to STDERR\n    echo \"error: The sandbox is not in sync with the Podfile.lock. Run 'pod install' or update your CocoaPods installation.\" >&2\n    exit 1\nfi\n# This output is used by Xcode 'outputs' to avoid re-running this script phase.\necho \"SUCCESS\" > \"${SCRIPT_OUTPUT_FILE_0}\"\n";
			showEnvVarsInLog = 0;
		};
		B3BE34DF4F527FF76B905325 /* [CP] Check Pods Manifest.lock */ = {
			isa = PBXShellScriptBuildPhase;
			buildActionMask = 2147483647;
			files = (
			);
			inputFileListPaths = (
			);
			inputPaths = (
				"${PODS_PODFILE_DIR_PATH}/Podfile.lock",
				"${PODS_ROOT}/Manifest.lock",
			);
			name = "[CP] Check Pods Manifest.lock";
			outputFileListPaths = (
			);
			outputPaths = (
				"$(DERIVED_FILE_DIR)/Pods-{{cookiecutter.app_name}}Tests-checkManifestLockResult.txt",
			);
			runOnlyForDeploymentPostprocessing = 0;
			shellPath = /bin/sh;
			shellScript = "diff \"${PODS_PODFILE_DIR_PATH}/Podfile.lock\" \"${PODS_ROOT}/Manifest.lock\" > /dev/null\nif [ $? != 0 ] ; then\n    # print error to STDERR\n    echo \"error: The sandbox is not in sync with the Podfile.lock. Run 'pod install' or update your CocoaPods installation.\" >&2\n    exit 1\nfi\n# This output is used by Xcode 'outputs' to avoid re-running this script phase.\necho \"SUCCESS\" > \"${SCRIPT_OUTPUT_FILE_0}\"\n";
			showEnvVarsInLog = 0;
		};
/* End PBXShellScriptBuildPhase section */

/* Begin PBXSourcesBuildPhase section */
		22101F73250770BA0046FAF9 /* Sources */ = {
			isa = PBXSourcesBuildPhase;
			buildActionMask = 2147483647;
			files = (
				225F95CB2535A0CD00253EA0 /* Fetchable.swift in Sources */,
				225F95C42535869600253EA0 /* Reusable.swift in Sources */,
				22BF9EFB251766C10033BFA9 /* SamplePresenter.swift in Sources */,
				22101F7F250770BA0046FAF9 /* SampleViewController.swift in Sources */,
				2235C9E82534468900101010 /* KeyedDecodingContainerExtension.swift in Sources */,
				22A8E4882533F18D00C6E81C /* DecodableDataParser.swift in Sources */,
				22A8E48A2533F4FF00C6E81C /* SessionError.swift in Sources */,
				22BF9EF6251766A10033BFA9 /* SampleGateway.swift in Sources */,
				225F95C625359F3700253EA0 /* AppResult.swift in Sources */,
				22A8E48E253401C200C6E81C /* RequestExtension.swift in Sources */,
				22A8E4922534034100C6E81C /* User.swift in Sources */,
				22BF9EF9251766AA0033BFA9 /* SampleProtocols.swift in Sources */,
				22BF9EF3251766960033BFA9 /* SampleAssembly.swift in Sources */,
				22B79DE0250F646400A81950 /* AppAssembly.swift in Sources */,
				22A8E4942534034100C6E81C /* Repository.swift in Sources */,
				2235C9F225345B9E00101010 /* CodableExtension.swift in Sources */,
				22101F7B250770BA0046FAF9 /* AppDelegate.swift in Sources */,
				2235C9F02534579100101010 /* SearchRepositryRequest.swift in Sources */,
				225F95C22535859400253EA0 /* SampleCell.swift in Sources */,
				22BF9EF7251766A10033BFA9 /* SampleUseCase.swift in Sources */,
				22101F7D250770BA0046FAF9 /* SceneDelegate.swift in Sources */,
				2235C9F7253490B000101010 /* ItemsResponse.swift in Sources */,
				22A8E4932534034100C6E81C /* AccessToken.swift in Sources */,
				2235C9EC2534535000101010 /* SearchRepositoriesParameters.swift in Sources */,
			);
			runOnlyForDeploymentPostprocessing = 0;
		};
		22101F89250770BB0046FAF9 /* Sources */ = {
			isa = PBXSourcesBuildPhase;
			buildActionMask = 2147483647;
			files = (
				22101F92250770BB0046FAF9 /* SampleRequestTests.swift in Sources */,
			);
			runOnlyForDeploymentPostprocessing = 0;
		};
/* End PBXSourcesBuildPhase section */

/* Begin PBXTargetDependency section */
		22101F8F250770BB0046FAF9 /* PBXTargetDependency */ = {
			isa = PBXTargetDependency;
			target = 22101F76250770BA0046FAF9 /* {{cookiecutter.app_name}} */;
			targetProxy = 22101F8E250770BB0046FAF9 /* PBXContainerItemProxy */;
		};
/* End PBXTargetDependency section */

/* Begin PBXVariantGroup section */
		22101F85250770BB0046FAF9 /* LaunchScreen.storyboard */ = {
			isa = PBXVariantGroup;
			children = (
				22101F86250770BB0046FAF9 /* Base */,
			);
			name = LaunchScreen.storyboard;
			sourceTree = "<group>";
		};
/* End PBXVariantGroup section */

/* Begin XCBuildConfiguration section */
		22101F94250770BB0046FAF9 /* Debug */ = {
			isa = XCBuildConfiguration;
			buildSettings = {
				ALWAYS_SEARCH_USER_PATHS = NO;
				CLANG_ANALYZER_NONNULL = YES;
				CLANG_ANALYZER_NUMBER_OBJECT_CONVERSION = YES_AGGRESSIVE;
				CLANG_CXX_LANGUAGE_STANDARD = "gnu++14";
				CLANG_CXX_LIBRARY = "libc++";
				CLANG_ENABLE_MODULES = YES;
				CLANG_ENABLE_OBJC_ARC = YES;
				CLANG_ENABLE_OBJC_WEAK = YES;
				CLANG_WARN_BLOCK_CAPTURE_AUTORELEASING = YES;
				CLANG_WARN_BOOL_CONVERSION = YES;
				CLANG_WARN_COMMA = YES;
				CLANG_WARN_CONSTANT_CONVERSION = YES;
				CLANG_WARN_DEPRECATED_OBJC_IMPLEMENTATIONS = YES;
				CLANG_WARN_DIRECT_OBJC_ISA_USAGE = YES_ERROR;
				CLANG_WARN_DOCUMENTATION_COMMENTS = YES;
				CLANG_WARN_EMPTY_BODY = YES;
				CLANG_WARN_ENUM_CONVERSION = YES;
				CLANG_WARN_INFINITE_RECURSION = YES;
				CLANG_WARN_INT_CONVERSION = YES;
				CLANG_WARN_NON_LITERAL_NULL_CONVERSION = YES;
				CLANG_WARN_OBJC_IMPLICIT_RETAIN_SELF = YES;
				CLANG_WARN_OBJC_LITERAL_CONVERSION = YES;
				CLANG_WARN_OBJC_ROOT_CLASS = YES_ERROR;
				CLANG_WARN_RANGE_LOOP_ANALYSIS = YES;
				CLANG_WARN_STRICT_PROTOTYPES = YES;
				CLANG_WARN_SUSPICIOUS_MOVE = YES;
				CLANG_WARN_UNGUARDED_AVAILABILITY = YES_AGGRESSIVE;
				CLANG_WARN_UNREACHABLE_CODE = YES;
				CLANG_WARN__DUPLICATE_METHOD_MATCH = YES;
				COPY_PHASE_STRIP = NO;
				DEBUG_INFORMATION_FORMAT = dwarf;
				ENABLE_STRICT_OBJC_MSGSEND = YES;
				ENABLE_TESTABILITY = YES;
				GCC_C_LANGUAGE_STANDARD = gnu11;
				GCC_DYNAMIC_NO_PIC = NO;
				GCC_NO_COMMON_BLOCKS = YES;
				GCC_OPTIMIZATION_LEVEL = 0;
				GCC_PREPROCESSOR_DEFINITIONS = (
					"DEBUG=1",
					"$(inherited)",
				);
				GCC_WARN_64_TO_32_BIT_CONVERSION = YES;
				GCC_WARN_ABOUT_RETURN_TYPE = YES_ERROR;
				GCC_WARN_UNDECLARED_SELECTOR = YES;
				GCC_WARN_UNINITIALIZED_AUTOS = YES_AGGRESSIVE;
				GCC_WARN_UNUSED_FUNCTION = YES;
				GCC_WARN_UNUSED_VARIABLE = YES;
				IPHONEOS_DEPLOYMENT_TARGET = 12.0;
				MTL_ENABLE_DEBUG_INFO = INCLUDE_SOURCE;
				MTL_FAST_MATH = YES;
				ONLY_ACTIVE_ARCH = YES;
				SDKROOT = iphoneos;
				SWIFT_ACTIVE_COMPILATION_CONDITIONS = DEBUG;
				SWIFT_OPTIMIZATION_LEVEL = "-Onone";
			};
			name = Debug;
		};
		22101F95250770BB0046FAF9 /* Release */ = {
			isa = XCBuildConfiguration;
			buildSettings = {
				ALWAYS_SEARCH_USER_PATHS = NO;
				CLANG_ANALYZER_NONNULL = YES;
				CLANG_ANALYZER_NUMBER_OBJECT_CONVERSION = YES_AGGRESSIVE;
				CLANG_CXX_LANGUAGE_STANDARD = "gnu++14";
				CLANG_CXX_LIBRARY = "libc++";
				CLANG_ENABLE_MODULES = YES;
				CLANG_ENABLE_OBJC_ARC = YES;
				CLANG_ENABLE_OBJC_WEAK = YES;
				CLANG_WARN_BLOCK_CAPTURE_AUTORELEASING = YES;
				CLANG_WARN_BOOL_CONVERSION = YES;
				CLANG_WARN_COMMA = YES;
				CLANG_WARN_CONSTANT_CONVERSION = YES;
				CLANG_WARN_DEPRECATED_OBJC_IMPLEMENTATIONS = YES;
				CLANG_WARN_DIRECT_OBJC_ISA_USAGE = YES_ERROR;
				CLANG_WARN_DOCUMENTATION_COMMENTS = YES;
				CLANG_WARN_EMPTY_BODY = YES;
				CLANG_WARN_ENUM_CONVERSION = YES;
				CLANG_WARN_INFINITE_RECURSION = YES;
				CLANG_WARN_INT_CONVERSION = YES;
				CLANG_WARN_NON_LITERAL_NULL_CONVERSION = YES;
				CLANG_WARN_OBJC_IMPLICIT_RETAIN_SELF = YES;
				CLANG_WARN_OBJC_LITERAL_CONVERSION = YES;
				CLANG_WARN_OBJC_ROOT_CLASS = YES_ERROR;
				CLANG_WARN_RANGE_LOOP_ANALYSIS = YES;
				CLANG_WARN_STRICT_PROTOTYPES = YES;
				CLANG_WARN_SUSPICIOUS_MOVE = YES;
				CLANG_WARN_UNGUARDED_AVAILABILITY = YES_AGGRESSIVE;
				CLANG_WARN_UNREACHABLE_CODE = YES;
				CLANG_WARN__DUPLICATE_METHOD_MATCH = YES;
				COPY_PHASE_STRIP = NO;
				DEBUG_INFORMATION_FORMAT = "dwarf-with-dsym";
				ENABLE_NS_ASSERTIONS = NO;
				ENABLE_STRICT_OBJC_MSGSEND = YES;
				GCC_C_LANGUAGE_STANDARD = gnu11;
				GCC_NO_COMMON_BLOCKS = YES;
				GCC_WARN_64_TO_32_BIT_CONVERSION = YES;
				GCC_WARN_ABOUT_RETURN_TYPE = YES_ERROR;
				GCC_WARN_UNDECLARED_SELECTOR = YES;
				GCC_WARN_UNINITIALIZED_AUTOS = YES_AGGRESSIVE;
				GCC_WARN_UNUSED_FUNCTION = YES;
				GCC_WARN_UNUSED_VARIABLE = YES;
				IPHONEOS_DEPLOYMENT_TARGET = 12.0;
				MTL_ENABLE_DEBUG_INFO = NO;
				MTL_FAST_MATH = YES;
				SDKROOT = iphoneos;
				SWIFT_COMPILATION_MODE = wholemodule;
				SWIFT_OPTIMIZATION_LEVEL = "-O";
				VALIDATE_PRODUCT = YES;
			};
			name = Release;
		};
		22101F97250770BB0046FAF9 /* Debug */ = {
			isa = XCBuildConfiguration;
			baseConfigurationReference = 22240BAE2507897300BCF476 /* Config.Debug.xcconfig */;
			buildSettings = {
				ASSETCATALOG_COMPILER_APPICON_NAME = AppIcon;
				CODE_SIGN_STYLE = Automatic;
				FRAMEWORK_SEARCH_PATHS = (
					"$(inherited)",
					"$(PROJECT_DIR)/Carthage/Build/iOS",
				);
				INFOPLIST_FILE = "{{cookiecutter.app_name}}/Info.plist";
				LD_RUNPATH_SEARCH_PATHS = (
					"$(inherited)",
					"@executable_path/Frameworks",
				);
				PRODUCT_BUNDLE_IDENTIFIER = "$(PRODUCT_BUNDLE_IDENTIFIER)";
				PRODUCT_NAME = "$(TARGET_NAME)";
				SWIFT_VERSION = 5.0;
				TARGETED_DEVICE_FAMILY = "1,2";
			};
			name = Debug;
		};
		22101F98250770BB0046FAF9 /* Release */ = {
			isa = XCBuildConfiguration;
			baseConfigurationReference = 22240BB02507898F00BCF476 /* Config.Release.xcconfig */;
			buildSettings = {
				ASSETCATALOG_COMPILER_APPICON_NAME = AppIcon;
				CODE_SIGN_STYLE = Automatic;
				FRAMEWORK_SEARCH_PATHS = (
					"$(inherited)",
					"$(PROJECT_DIR)/Carthage/Build/iOS",
				);
				INFOPLIST_FILE = "{{cookiecutter.app_name}}/Info.plist";
				LD_RUNPATH_SEARCH_PATHS = (
					"$(inherited)",
					"@executable_path/Frameworks",
				);
				PRODUCT_BUNDLE_IDENTIFIER = "$(PRODUCT_BUNDLE_IDENTIFIER)";
				PRODUCT_NAME = "$(TARGET_NAME)";
				SWIFT_VERSION = 5.0;
				TARGETED_DEVICE_FAMILY = "1,2";
			};
			name = Release;
		};
		22101F9A250770BB0046FAF9 /* Debug */ = {
			isa = XCBuildConfiguration;
			baseConfigurationReference = 22240BAE2507897300BCF476 /* Config.Debug.xcconfig */;
			buildSettings = {
				ALWAYS_EMBED_SWIFT_STANDARD_LIBRARIES = YES;
				BUNDLE_LOADER = "$(TEST_HOST)";
				CODE_SIGN_STYLE = Automatic;
				FRAMEWORK_SEARCH_PATHS = (
					"$(inherited)",
					"$(PROJECT_DIR)/Carthage/Build/iOS",
				);
				INFOPLIST_FILE = "{{cookiecutter.app_name}}Tests/Info.plist";
				IPHONEOS_DEPLOYMENT_TARGET = 13.2;
				LD_RUNPATH_SEARCH_PATHS = (
					"$(inherited)",
					"@executable_path/Frameworks",
					"@loader_path/Frameworks",
				);
				PRODUCT_BUNDLE_IDENTIFIER = "com.your.bundle.identifier.--cookiecutter-app-name--Tests";
				PRODUCT_NAME = "$(TARGET_NAME)";
				SWIFT_VERSION = 5.0;
				TARGETED_DEVICE_FAMILY = "1,2";
				TEST_HOST = "$(BUILT_PRODUCTS_DIR)/{{cookiecutter.app_name}}.app/{{cookiecutter.app_name}}";
			};
			name = Debug;
		};
		22101F9B250770BB0046FAF9 /* Release */ = {
			isa = XCBuildConfiguration;
			baseConfigurationReference = 22240BB02507898F00BCF476 /* Config.Release.xcconfig */;
			buildSettings = {
				ALWAYS_EMBED_SWIFT_STANDARD_LIBRARIES = YES;
				BUNDLE_LOADER = "$(TEST_HOST)";
				CODE_SIGN_STYLE = Automatic;
				FRAMEWORK_SEARCH_PATHS = (
					"$(inherited)",
					"$(PROJECT_DIR)/Carthage/Build/iOS",
				);
				INFOPLIST_FILE = "{{cookiecutter.app_name}}Tests/Info.plist";
				IPHONEOS_DEPLOYMENT_TARGET = 13.2;
				LD_RUNPATH_SEARCH_PATHS = (
					"$(inherited)",
					"@executable_path/Frameworks",
					"@loader_path/Frameworks",
				);
				PRODUCT_BUNDLE_IDENTIFIER = "com.your.bundle.identifier.--cookiecutter-app-name--Tests";
				PRODUCT_NAME = "$(TARGET_NAME)";
				SWIFT_VERSION = 5.0;
				TARGETED_DEVICE_FAMILY = "1,2";
				TEST_HOST = "$(BUILT_PRODUCTS_DIR)/{{cookiecutter.app_name}}.app/{{cookiecutter.app_name}}";
			};
			name = Release;
		};
		22240BB125078A6000BCF476 /* Adhoc */ = {
			isa = XCBuildConfiguration;
			buildSettings = {
				ALWAYS_SEARCH_USER_PATHS = NO;
				CLANG_ANALYZER_NONNULL = YES;
				CLANG_ANALYZER_NUMBER_OBJECT_CONVERSION = YES_AGGRESSIVE;
				CLANG_CXX_LANGUAGE_STANDARD = "gnu++14";
				CLANG_CXX_LIBRARY = "libc++";
				CLANG_ENABLE_MODULES = YES;
				CLANG_ENABLE_OBJC_ARC = YES;
				CLANG_ENABLE_OBJC_WEAK = YES;
				CLANG_WARN_BLOCK_CAPTURE_AUTORELEASING = YES;
				CLANG_WARN_BOOL_CONVERSION = YES;
				CLANG_WARN_COMMA = YES;
				CLANG_WARN_CONSTANT_CONVERSION = YES;
				CLANG_WARN_DEPRECATED_OBJC_IMPLEMENTATIONS = YES;
				CLANG_WARN_DIRECT_OBJC_ISA_USAGE = YES_ERROR;
				CLANG_WARN_DOCUMENTATION_COMMENTS = YES;
				CLANG_WARN_EMPTY_BODY = YES;
				CLANG_WARN_ENUM_CONVERSION = YES;
				CLANG_WARN_INFINITE_RECURSION = YES;
				CLANG_WARN_INT_CONVERSION = YES;
				CLANG_WARN_NON_LITERAL_NULL_CONVERSION = YES;
				CLANG_WARN_OBJC_IMPLICIT_RETAIN_SELF = YES;
				CLANG_WARN_OBJC_LITERAL_CONVERSION = YES;
				CLANG_WARN_OBJC_ROOT_CLASS = YES_ERROR;
				CLANG_WARN_RANGE_LOOP_ANALYSIS = YES;
				CLANG_WARN_STRICT_PROTOTYPES = YES;
				CLANG_WARN_SUSPICIOUS_MOVE = YES;
				CLANG_WARN_UNGUARDED_AVAILABILITY = YES_AGGRESSIVE;
				CLANG_WARN_UNREACHABLE_CODE = YES;
				CLANG_WARN__DUPLICATE_METHOD_MATCH = YES;
				COPY_PHASE_STRIP = NO;
				DEBUG_INFORMATION_FORMAT = dwarf;
				ENABLE_STRICT_OBJC_MSGSEND = YES;
				ENABLE_TESTABILITY = YES;
				GCC_C_LANGUAGE_STANDARD = gnu11;
				GCC_DYNAMIC_NO_PIC = NO;
				GCC_NO_COMMON_BLOCKS = YES;
				GCC_OPTIMIZATION_LEVEL = 0;
				GCC_PREPROCESSOR_DEFINITIONS = (
					"DEBUG=1",
					"$(inherited)",
				);
				GCC_WARN_64_TO_32_BIT_CONVERSION = YES;
				GCC_WARN_ABOUT_RETURN_TYPE = YES_ERROR;
				GCC_WARN_UNDECLARED_SELECTOR = YES;
				GCC_WARN_UNINITIALIZED_AUTOS = YES_AGGRESSIVE;
				GCC_WARN_UNUSED_FUNCTION = YES;
				GCC_WARN_UNUSED_VARIABLE = YES;
				IPHONEOS_DEPLOYMENT_TARGET = 12.0;
				MTL_ENABLE_DEBUG_INFO = INCLUDE_SOURCE;
				MTL_FAST_MATH = YES;
				ONLY_ACTIVE_ARCH = YES;
				SDKROOT = iphoneos;
				SWIFT_ACTIVE_COMPILATION_CONDITIONS = DEBUG;
				SWIFT_OPTIMIZATION_LEVEL = "-Onone";
			};
			name = Adhoc;
		};
		22240BB225078A6000BCF476 /* Adhoc */ = {
			isa = XCBuildConfiguration;
			baseConfigurationReference = 22240BAF2507898100BCF476 /* Config.Adhoc.xcconfig */;
			buildSettings = {
				ASSETCATALOG_COMPILER_APPICON_NAME = AppIcon;
				CODE_SIGN_STYLE = Automatic;
				FRAMEWORK_SEARCH_PATHS = (
					"$(inherited)",
					"$(PROJECT_DIR)/Carthage/Build/iOS",
				);
				INFOPLIST_FILE = "{{cookiecutter.app_name}}/Info.plist";
				LD_RUNPATH_SEARCH_PATHS = (
					"$(inherited)",
					"@executable_path/Frameworks",
				);
				PRODUCT_BUNDLE_IDENTIFIER = "$(PRODUCT_BUNDLE_IDENTIFIER)";
				PRODUCT_NAME = "$(TARGET_NAME)";
				SWIFT_VERSION = 5.0;
				TARGETED_DEVICE_FAMILY = "1,2";
			};
			name = Adhoc;
		};
		22240BB325078A6000BCF476 /* Adhoc */ = {
			isa = XCBuildConfiguration;
			baseConfigurationReference = 22240BAF2507898100BCF476 /* Config.Adhoc.xcconfig */;
			buildSettings = {
				ALWAYS_EMBED_SWIFT_STANDARD_LIBRARIES = YES;
				BUNDLE_LOADER = "$(TEST_HOST)";
				CODE_SIGN_STYLE = Automatic;
				FRAMEWORK_SEARCH_PATHS = (
					"$(inherited)",
					"$(PROJECT_DIR)/Carthage/Build/iOS",
				);
				INFOPLIST_FILE = "{{cookiecutter.app_name}}Tests/Info.plist";
				IPHONEOS_DEPLOYMENT_TARGET = 13.2;
				LD_RUNPATH_SEARCH_PATHS = (
					"$(inherited)",
					"@executable_path/Frameworks",
					"@loader_path/Frameworks",
				);
				PRODUCT_BUNDLE_IDENTIFIER = "com.your.bundle.identifier.--cookiecutter-app-name--Tests";
				PRODUCT_NAME = "$(TARGET_NAME)";
				SWIFT_VERSION = 5.0;
				TARGETED_DEVICE_FAMILY = "1,2";
				TEST_HOST = "$(BUILT_PRODUCTS_DIR)/{{cookiecutter.app_name}}.app/{{cookiecutter.app_name}}";
			};
			name = Adhoc;
		};
/* End XCBuildConfiguration section */

/* Begin XCConfigurationList section */
		22101F72250770BA0046FAF9 /* Build configuration list for PBXProject "{{cookiecutter.app_name}}" */ = {
			isa = XCConfigurationList;
			buildConfigurations = (
				22101F94250770BB0046FAF9 /* Debug */,
				22240BB125078A6000BCF476 /* Adhoc */,
				22101F95250770BB0046FAF9 /* Release */,
			);
			defaultConfigurationIsVisible = 0;
			defaultConfigurationName = Release;
		};
		22101F96250770BB0046FAF9 /* Build configuration list for PBXNativeTarget "{{cookiecutter.app_name}}" */ = {
			isa = XCConfigurationList;
			buildConfigurations = (
				22101F97250770BB0046FAF9 /* Debug */,
				22240BB225078A6000BCF476 /* Adhoc */,
				22101F98250770BB0046FAF9 /* Release */,
			);
			defaultConfigurationIsVisible = 0;
			defaultConfigurationName = Release;
		};
		22101F99250770BB0046FAF9 /* Build configuration list for PBXNativeTarget "{{cookiecutter.app_name}}Tests" */ = {
			isa = XCConfigurationList;
			buildConfigurations = (
				22101F9A250770BB0046FAF9 /* Debug */,
				22240BB325078A6000BCF476 /* Adhoc */,
				22101F9B250770BB0046FAF9 /* Release */,
			);
			defaultConfigurationIsVisible = 0;
			defaultConfigurationName = Release;
		};
/* End XCConfigurationList section */
	};
	rootObject = 22101F6F250770BA0046FAF9 /* Project object */;
}
